
Microsoft Visual Studio Solution File, Format Version 12.00
# Visual Studio Version 16
VisualStudioVersion = 16.0.31729.503
MinimumVisualStudioVersion = 10.0.40219.1
Project("{FAE04EC0-301F-11D3-BF4B-00C04F79EFBC}") = "DigitalBook.Reader", "DigitalBook.Reader\DigitalBook.Reader.csproj", "{2FD6DEED-AF7D-45F2-ACC0-D97E7AC7AEC7}"
EndProject
Project("{FAE04EC0-301F-11D3-BF4B-00C04F79EFBC}") = "DigitalBook.Getway", "DigitalBook.Getway\DigitalBook.Getway.csproj", "{B3CEA3B6-2D6A-4076-8BB6-10B2A7A439A3}"
EndProject
Project("{FAE04EC0-301F-11D3-BF4B-00C04F79EFBC}") = "DigitalBook.Author", "DigitalBook.Author\DigitalBook.Author.csproj", "{00ED2815-7A11-4279-83E8-3C7D09B106D8}"
EndProject
Project("{FAE04EC0-301F-11D3-BF4B-00C04F79EFBC}") = "DigitalBook.Common", "DigitalBook.Common\DigitalBook.Common.csproj", "{A1C8132E-3762-4F60-AFF8-400DD028281D}"
EndProject
Global
	GlobalSection(SolutionConfigurationPlatforms) = preSolution
		Debug|Any CPU = Debug|Any CPU
		Release|Any CPU = Release|Any CPU
	EndGlobalSection
	GlobalSection(ProjectConfigurationPlatforms) = postSolution
		{2FD6DEED-AF7D-45F2-ACC0-D97E7AC7AEC7}.Debug|Any CPU.ActiveCfg = Debug|Any CPU
		{2FD6DEED-AF7D-45F2-ACC0-D97E7AC7AEC7}.Debug|Any CPU.Build.0 = Debug|Any CPU
		{2FD6DEED-AF7D-45F2-ACC0-D97E7AC7AEC7}.Release|Any CPU.ActiveCfg = Release|Any CPU
		{2FD6DEED-AF7D-45F2-ACC0-D97E7AC7AEC7}.Release|Any CPU.Build.0 = Release|Any CPU
		{B3CEA3B6-2D6A-4076-8BB6-10B2A7A439A3}.Debug|Any CPU.ActiveCfg = Debug|Any CPU
		{B3CEA3B6-2D6A-4076-8BB6-10B2A7A439A3}.Debug|Any CPU.Build.0 = Debug|Any CPU
		{B3CEA3B6-2D6A-4076-8BB6-10B2A7A439A3}.Release|Any CPU.ActiveCfg = Release|Any CPU
		{B3CEA3B6-2D6A-4076-8BB6-10B2A7A439A3}.Release|Any CPU.Build.0 = Release|Any CPU
		{00ED2815-7A11-4279-83E8-3C7D09B106D8}.Debug|Any CPU.ActiveCfg = Debug|Any CPU
		{00ED2815-7A11-4279-83E8-3C7D09B106D8}.Debug|Any CPU.Build.0 = Debug|Any CPU
		{00ED2815-7A11-4279-83E8-3C7D09B106D8}.Release|Any CPU.ActiveCfg = Release|Any CPU
		{00ED2815-7A11-4279-83E8-3C7D09B106D8}.Release|Any CPU.Build.0 = Release|Any CPU
		{A1C8132E-3762-4F60-AFF8-400DD028281D}.Debug|Any CPU.ActiveCfg = Debug|Any CPU
		{A1C8132E-3762-4F60-AFF8-400DD028281D}.Debug|Any CPU.Build.0 = Debug|Any CPU
		{A1C8132E-3762-4F60-AFF8-400DD028281D}.Release|Any CPU.ActiveCfg = Release|Any CPU
		{A1C8132E-3762-4F60-AFF8-400DD028281D}.Release|Any CPU.Build.0 = Release|Any CPU
	EndGlobalSection
	GlobalSection(SolutionProperties) = preSolution
		HideSolutionNode = FALSE
	EndGlobalSection
	GlobalSection(ExtensibilityGlobals) = postSolution
		SolutionGuid = {3FCC0758-9F9F-4BF8-BDB1-FA55E39962B3}
	EndGlobalSection
EndGlobal
