
Microsoft Visual Studio Solution File, Format Version 12.00
# Visual Studio Version 16
VisualStudioVersion = 16.0.31729.503
MinimumVisualStudioVersion = 10.0.40219.1
Project("{FAE04EC0-301F-11D3-BF4B-00C04F79EFBC}") = "consumer", "consumer\consumer.csproj", "{B215B5AB-633A-4D55-BD03-23F8A994E2C8}"
EndProject
Project("{FAE04EC0-301F-11D3-BF4B-00C04F79EFBC}") = "producer", "producer\producer.csproj", "{D8D30736-FE1A-443B-89F1-0B86FF1B8D96}"
EndProject
Global
	GlobalSection(SolutionConfigurationPlatforms) = preSolution
		Debug|Any CPU = Debug|Any CPU
		Release|Any CPU = Release|Any CPU
	EndGlobalSection
	GlobalSection(ProjectConfigurationPlatforms) = postSolution
		{B215B5AB-633A-4D55-BD03-23F8A994E2C8}.Debug|Any CPU.ActiveCfg = Debug|Any CPU
		{B215B5AB-633A-4D55-BD03-23F8A994E2C8}.Debug|Any CPU.Build.0 = Debug|Any CPU
		{B215B5AB-633A-4D55-BD03-23F8A994E2C8}.Release|Any CPU.ActiveCfg = Release|Any CPU
		{B215B5AB-633A-4D55-BD03-23F8A994E2C8}.Release|Any CPU.Build.0 = Release|Any CPU
		{D8D30736-FE1A-443B-89F1-0B86FF1B8D96}.Debug|Any CPU.ActiveCfg = Debug|Any CPU
		{D8D30736-FE1A-443B-89F1-0B86FF1B8D96}.Debug|Any CPU.Build.0 = Debug|Any CPU
		{D8D30736-FE1A-443B-89F1-0B86FF1B8D96}.Release|Any CPU.ActiveCfg = Release|Any CPU
		{D8D30736-FE1A-443B-89F1-0B86FF1B8D96}.Release|Any CPU.Build.0 = Release|Any CPU
	EndGlobalSection
	GlobalSection(SolutionProperties) = preSolution
		HideSolutionNode = FALSE
	EndGlobalSection
	GlobalSection(ExtensibilityGlobals) = postSolution
		SolutionGuid = {D60B9B2B-4262-4BE1-A36A-806B74423157}
	EndGlobalSection
EndGlobal
